// !$*UTF8*$!
{
	archiveVersion = 1;
	classes = {
	};
	objectVersion = 46;
	objects = {

/* Begin PBXBuildFile section */
		9537BB031CA4028100DD8C7F /* AppDelegate.swift in Sources */ = {isa = PBXBuildFile; fileRef = 9537BB021CA4028100DD8C7F /* AppDelegate.swift */; };
		9537BB051CA4028100DD8C7F /* ViewController.swift in Sources */ = {isa = PBXBuildFile; fileRef = 9537BB041CA4028100DD8C7F /* ViewController.swift */; };
		9537BB081CA4028100DD8C7F /* Main.storyboard in Resources */ = {isa = PBXBuildFile; fileRef = 9537BB061CA4028100DD8C7F /* Main.storyboard */; };
		9537BB0B1CA4028100DD8C7F /* AnimatationLogin.xcdatamodeld in Sources */ = {isa = PBXBuildFile; fileRef = 9537BB091CA4028100DD8C7F /* AnimatationLogin.xcdatamodeld */; };
		9537BB0D1CA4028100DD8C7F /* Assets.xcassets in Resources */ = {isa = PBXBuildFile; fileRef = 9537BB0C1CA4028100DD8C7F /* Assets.xcassets */; };
		9537BB101CA4028100DD8C7F /* LaunchScreen.storyboard in Resources */ = {isa = PBXBuildFile; fileRef = 9537BB0E1CA4028100DD8C7F /* LaunchScreen.storyboard */; };
/* End PBXBuildFile section */

/* Begin PBXFileReference section */
		9537BAFF1CA4028100DD8C7F /* AnimatationLogin.app */ = {isa = PBXFileReference; explicitFileType = wrapper.application; includeInIndex = 0; path = AnimatationLogin.app; sourceTree = BUILT_PRODUCTS_DIR; };
		9537BB021CA4028100DD8C7F /* AppDelegate.swift */ = {isa = PBXFileReference; lastKnownFileType = sourcecode.swift; path = AppDelegate.swift; sourceTree = "<group>"; };
		9537BB041CA4028100DD8C7F /* ViewController.swift */ = {isa = PBXFileReference; lastKnownFileType = sourcecode.swift; path = ViewController.swift; sourceTree = "<group>"; };
		9537BB071CA4028100DD8C7F /* Base */ = {isa = PBXFileReference; lastKnownFileType = file.storyboard; name = Base; path = Base.lproj/Main.storyboard; sourceTree = "<group>"; };
		9537BB0A1CA4028100DD8C7F /* AnimatationLogin.xcdatamodel */ = {isa = PBXFileReference; lastKnownFileType = wrapper.xcdatamodel; path = AnimatationLogin.xcdatamodel; sourceTree = "<group>"; };
		9537BB0C1CA4028100DD8C7F /* Assets.xcassets */ = {isa = PBXFileReference; lastKnownFileType = folder.assetcatalog; path = Assets.xcassets; sourceTree = "<group>"; };
		9537BB0F1CA4028100DD8C7F /* Base */ = {isa = PBXFileReference; lastKnownFileType = file.storyboard; name = Base; path = Base.lproj/LaunchScreen.storyboard; sourceTree = "<group>"; };
		9537BB111CA4028100DD8C7F /* Info.plist */ = {isa = PBXFileReference; lastKnownFileType = text.plist.xml; path = Info.plist; sourceTree = "<group>"; };
/* End PBXFileReference section */

/* Begin PBXFrameworksBuildPhase section */
		9537BAFC1CA4028100DD8C7F /* Frameworks */ = {
			isa = PBXFrameworksBuildPhase;
			buildActionMask = 2147483647;
			files = (
			);
			runOnlyForDeploymentPostprocessing = 0;
		};
/* End PBXFrameworksBuildPhase section */

/* Begin PBXGroup section */
		9537BAF61CA4028100DD8C7F = {
			isa = PBXGroup;
			children = (
				9537BB011CA4028100DD8C7F /* AnimatationLogin */,
				9537BB001CA4028100DD8C7F /* Products */,
			);
			sourceTree = "<group>";
		};
		9537BB001CA4028100DD8C7F /* Products */ = {
			isa = PBXGroup;
			children = (
				9537BAFF1CA4028100DD8C7F /* AnimatationLogin.app */,
			);
			name = Products;
			sourceTree = "<group>";
		};
		9537BB011CA4028100DD8C7F /* AnimatationLogin */ = {
			isa = PBXGroup;
			children = (
				9537BB021CA4028100DD8C7F /* AppDelegate.swift */,
				9537BB041CA4028100DD8C7F /* ViewController.swift */,
				9537BB061CA4028100DD8C7F /* Main.storyboard */,
				9537BB0C1CA4028100DD8C7F /* Assets.xcassets */,
				9537BB0E1CA4028100DD8C7F /* LaunchScreen.storyboard */,
				9537BB111CA4028100DD8C7F /* Info.plist */,
				9537BB091CA4028100DD8C7F /* AnimatationLogin.xcdatamodeld */,
			);
			path = AnimatationLogin;
			sourceTree = "<group>";
		};
/* End PBXGroup section */

/* Begin PBXNativeTarget section */
		9537BAFE1CA4028100DD8C7F /* AnimatationLogin */ = {
			isa = PBXNativeTarget;
			buildConfigurationList = 9537BB141CA4028100DD8C7F /* Build configuration list for PBXNativeTarget "AnimatationLogin" */;
			buildPhases = (
				9537BAFB1CA4028100DD8C7F /* Sources */,
				9537BAFC1CA4028100DD8C7F /* Frameworks */,
				9537BAFD1CA4028100DD8C7F /* Resources */,
			);
			buildRules = (
			);
			dependencies = (
			);
			name = AnimatationLogin;
			productName = AnimatationLogin;
			productReference = 9537BAFF1CA4028100DD8C7F /* AnimatationLogin.app */;
			productType = "com.apple.product-type.application";
		};
/* End PBXNativeTarget section */

/* Begin PBXProject section */
		9537BAF71CA4028100DD8C7F /* Project object */ = {
			isa = PBXProject;
			attributes = {
				LastSwiftUpdateCheck = 0720;
				LastUpgradeCheck = 0720;
				ORGANIZATIONNAME = "Simon Bessey";
				TargetAttributes = {
					9537BAFE1CA4028100DD8C7F = {
						CreatedOnToolsVersion = 7.2;
						DevelopmentTeam = 6KVP9CZ437;
					};
				};
			};
			buildConfigurationList = 9537BAFA1CA4028100DD8C7F /* Build configuration list for PBXProject "AnimatationLogin" */;
			compatibilityVersion = "Xcode 3.2";
			developmentRegion = English;
			hasScannedForEncodings = 0;
			knownRegions = (
				en,
				Base,
			);
			mainGroup = 9537BAF61CA4028100DD8C7F;
			productRefGroup = 9537BB001CA4028100DD8C7F /* Products */;
			projectDirPath = "";
			projectRoot = "";
			targets = (
				9537BAFE1CA4028100DD8C7F /* AnimatationLogin */,
			);
		};
/* End PBXProject section */

/* Begin PBXResourcesBuildPhase section */
		9537BAFD1CA4028100DD8C7F /* Resources */ = {
			isa = PBXResourcesBuildPhase;
			buildActionMask = 2147483647;
			files = (
				9537BB101CA4028100DD8C7F /* LaunchScreen.storyboard in Resources */,
				9537BB0D1CA4028100DD8C7F /* Assets.xcassets in Resources */,
				9537BB081CA4028100DD8C7F /* Main.storyboard in Resources */,
			);
			runOnlyForDeploymentPostprocessing = 0;
		};
/* End PBXResourcesBuildPhase section */

/* Begin PBXSourcesBuildPhase section */
		9537BAFB1CA4028100DD8C7F /* Sources */ = {
			isa = PBXSourcesBuildPhase;
			buildActionMask = 2147483647;
			files = (
				9537BB051CA4028100DD8C7F /* ViewController.swift in Sources */,
				9537BB0B1CA4028100DD8C7F /* AnimatationLogin.xcdatamodeld in Sources */,
				9537BB031CA4028100DD8C7F /* AppDelegate.swift in Sources */,
			);
			runOnlyForDeploymentPostprocessing = 0;
		};
/* End PBXSourcesBuildPhase section */

/* Begin PBXVariantGroup section */
		9537BB061CA4028100DD8C7F /* Main.storyboard */ = {
			isa = PBXVariantGroup;
			children = (
				9537BB071CA4028100DD8C7F /* Base */,
			);
			name = Main.storyboard;
			sourceTree = "<group>";
		};
		9537BB0E1CA4028100DD8C7F /* LaunchScreen.storyboard */ = {
			isa = PBXVariantGroup;
			children = (
				9537BB0F1CA4028100DD8C7F /* Base */,
			);
			name = LaunchScreen.storyboard;
			sourceTree = "<group>";
		};
/* End PBXVariantGroup section */

/* Begin XCBuildConfiguration section */
		9537BB121CA4028100DD8C7F /* Debug */ = {
			isa = XCBuildConfiguration;
			buildSettings = {
				ALWAYS_SEARCH_USER_PATHS = NO;
				CLANG_CXX_LANGUAGE_STANDARD = "gnu++0x";
				CLANG_CXX_LIBRARY = "libc++";
				CLANG_ENABLE_MODULES = YES;
				CLANG_ENABLE_OBJC_ARC = YES;
				CLANG_WARN_BOOL_CONVERSION = YES;
				CLANG_WARN_CONSTANT_CONVERSION = YES;
				CLANG_WARN_DIRECT_OBJC_ISA_USAGE = YES_ERROR;
				CLANG_WARN_EMPTY_BODY = YES;
				CLANG_WARN_ENUM_CONVERSION = YES;
				CLANG_WARN_INT_CONVERSION = YES;
				CLANG_WARN_OBJC_ROOT_CLASS = YES_ERROR;
				CLANG_WARN_UNREACHABLE_CODE = YES;
				CLANG_WARN__DUPLICATE_METHOD_MATCH = YES;
				"CODE_SIGN_IDENTITY[sdk=iphoneos*]" = "iPhone Developer";
				COPY_PHASE_STRIP = NO;
				DEBUG_INFORMATION_FORMAT = dwarf;
				ENABLE_STRICT_OBJC_MSGSEND = YES;
				ENABLE_TESTABILITY = YES;
				GCC_C_LANGUAGE_STANDARD = gnu99;
				GCC_DYNAMIC_NO_PIC = NO;
				GCC_NO_COMMON_BLOCKS = YES;
				GCC_OPTIMIZATION_LEVEL = 0;
				GCC_PREPROCESSOR_DEFINITIONS = (
					"DEBUG=1",
					"$(inherited)",
				);
				GCC_WARN_64_TO_32_BIT_CONVERSION = YES;
				GCC_WARN_ABOUT_RETURN_TYPE = YES_ERROR;
				GCC_WARN_UNDECLARED_SELECTOR = YES;
				GCC_WARN_UNINITIALIZED_AUTOS = YES_AGGRESSIVE;
				GCC_WARN_UNUSED_FUNCTION = YES;
				GCC_WARN_UNUSED_VARIABLE = YES;
				IPHONEOS_DEPLOYMENT_TARGET = 9.2;
				MTL_ENABLE_DEBUG_INFO = YES;
				ONLY_ACTIVE_ARCH = YES;
				SDKROOT = iphoneos;
				SWIFT_OPTIMIZATION_LEVEL = "-Onone";
				TARGETED_DEVICE_FAMILY = "1,2";
			};
			name = Debug;
		};
		9537BB131CA4028100DD8C7F /* Release */ = {
			isa = XCBuildConfiguration;
			buildSettings = {
				ALWAYS_SEARCH_USER_PATHS = NO;
				CLANG_CXX_LANGUAGE_STANDARD = "gnu++0x";
				CLANG_CXX_LIBRARY = "libc++";
				CLANG_ENABLE_MODULES = YES;
				CLANG_ENABLE_OBJC_ARC = YES;
				CLANG_WARN_BOOL_CONVERSION = YES;
				CLANG_WARN_CONSTANT_CONVERSION = YES;
				CLANG_WARN_DIRECT_OBJC_ISA_USAGE = YES_ERROR;
				CLANG_WARN_EMPTY_BODY = YES;
				CLANG_WARN_ENUM_CONVERSION = YES;
				CLANG_WARN_INT_CONVERSION = YES;
				CLANG_WARN_OBJC_ROOT_CLASS = YES_ERROR;
				CLANG_WARN_UNREACHABLE_CODE = YES;
				CLANG_WARN__DUPLICATE_METHOD_MATCH = YES;
				"CODE_SIGN_IDENTITY[sdk=iphoneos*]" = "iPhone Developer";
				COPY_PHASE_STRIP = NO;
				DEBUG_INFORMATION_FORMAT = "dwarf-with-dsym";
				ENABLE_NS_ASSERTIONS = NO;
				ENABLE_STRICT_OBJC_MSGSEND = YES;
				GCC_C_LANGUAGE_STANDARD = gnu99;
				GCC_NO_COMMON_BLOCKS = YES;
				GCC_WARN_64_TO_32_BIT_CONVERSION = YES;
				GCC_WARN_ABOUT_RETURN_TYPE = YES_ERROR;
				GCC_WARN_UNDECLARED_SELECTOR = YES;
				GCC_WARN_UNINITIALIZED_AUTOS = YES_AGGRESSIVE;
				GCC_WARN_UNUSED_FUNCTION = YES;
				GCC_WARN_UNUSED_VARIABLE = YES;
				IPHONEOS_DEPLOYMENT_TARGET = 9.2;
				MTL_ENABLE_DEBUG_INFO = NO;
				SDKROOT = iphoneos;
				TARGETED_DEVICE_FAMILY = "1,2";
				VALIDATE_PRODUCT = YES;
			};
			name = Release;
		};
		9537BB151CA4028100DD8C7F /* Debug */ = {
			isa = XCBuildConfiguration;
			buildSettings = {
				ASSETCATALOG_COMPILER_APPICON_NAME = AppIcon;
				CODE_SIGN_IDENTITY = "iPhone Developer";
				"CODE_SIGN_IDENTITY[sdk=iphoneos*]" = "iPhone Developer";
				INFOPLIST_FILE = AnimatationLogin/Info.plist;
				LD_RUNPATH_SEARCH_PATHS = "$(inherited) @executable_path/Frameworks";
				PRODUCT_BUNDLE_IDENTIFIER = com.example.App.AnimatationLogin;
				PRODUCT_NAME = "$(TARGET_NAME)";
				PROVISIONING_PROFILE = "";
			};
			name = Debug;
		};
		9537BB161CA4028100DD8C7F /* Release */ = {
			isa = XCBuildConfiguration;
			buildSettings = {
				ASSETCATALOG_COMPILER_APPICON_NAME = AppIcon;
				CODE_SIGN_IDENTITY = "iPhone Developer";
				"CODE_SIGN_IDENTITY[sdk=iphoneos*]" = "iPhone Developer";
				INFOPLIST_FILE = AnimatationLogin/Info.plist;
				LD_RUNPATH_SEARCH_PATHS = "$(inherited) @executable_path/Frameworks";
				PRODUCT_BUNDLE_IDENTIFIER = com.example.App.AnimatationLogin;
				PRODUCT_NAME = "$(TARGET_NAME)";
				PROVISIONING_PROFILE = "";
			};
			name = Release;
		};
/* End XCBuildConfiguration section */

/* Begin XCConfigurationList section */
		9537BAFA1CA4028100DD8C7F /* Build configuration list for PBXProject "AnimatationLogin" */ = {
			isa = XCConfigurationList;
			buildConfigurations = (
				9537BB121CA4028100DD8C7F /* Debug */,
				9537BB131CA4028100DD8C7F /* Release */,
			);
			defaultConfigurationIsVisible = 0;
			defaultConfigurationName = Release;
		};
		9537BB141CA4028100DD8C7F /* Build configuration list for PBXNativeTarget "AnimatationLogin" */ = {
			isa = XCConfigurationList;
			buildConfigurations = (
				9537BB151CA4028100DD8C7F /* Debug */,
				9537BB161CA4028100DD8C7F /* Release */,
			);
			defaultConfigurationIsVisible = 0;
		};
/* End XCConfigurationList section */

/* Begin XCVersionGroup section */
		9537BB091CA4028100DD8C7F /* AnimatationLogin.xcdatamodeld */ = {
			isa = XCVersionGroup;
			children = (
				9537BB0A1CA4028100DD8C7F /* AnimatationLogin.xcdatamodel */,
			);
			currentVersion = 9537BB0A1CA4028100DD8C7F /* AnimatationLogin.xcdatamodel */;
			path = AnimatationLogin.xcdatamodeld;
			sourceTree = "<group>";
			versionGroupType = wrapper.xcdatamodel;
		};
/* End XCVersionGroup section */
	};
	rootObject = 9537BAF71CA4028100DD8C7F /* Project object */;
}
